
Microsoft Visual Studio Solution File, Format Version 12.00
# Visual Studio Version 16
VisualStudioVersion = 25.0.1706.4
MinimumVisualStudioVersion = 10.0.40219.1
Project("{FAE04EC0-301F-11D3-BF4B-00C04F79EFBC}") = "gsearch", "gsearch\gsearch.csproj", "{F7A0BE66-C56F-43E4-8FEF-686D999738E9}"
EndProject
Global
	GlobalSection(SolutionConfigurationPlatforms) = preSolution
		Debug|Any CPU = Debug|Any CPU
		Release|Any CPU = Release|Any CPU
	EndGlobalSection
	GlobalSection(ProjectConfigurationPlatforms) = postSolution
		{F7A0BE66-C56F-43E4-8FEF-686D999738E9}.Debug|Any CPU.ActiveCfg = Debug|Any CPU
		{F7A0BE66-C56F-43E4-8FEF-686D999738E9}.Debug|Any CPU.Build.0 = Debug|Any CPU
		{F7A0BE66-C56F-43E4-8FEF-686D999738E9}.Release|Any CPU.ActiveCfg = Release|Any CPU
		{F7A0BE66-C56F-43E4-8FEF-686D999738E9}.Release|Any CPU.Build.0 = Release|Any CPU
	EndGlobalSection
	GlobalSection(SolutionProperties) = preSolution
		HideSolutionNode = FALSE
	EndGlobalSection
	GlobalSection(ExtensibilityGlobals) = postSolution
		SolutionGuid = {53353BE6-CE5E-485F-9D73-1CC84594C414}
	EndGlobalSection
EndGlobal
